
Microsoft Visual Studio Solution File, Format Version 12.00
# Visual Studio Version 16
VisualStudioVersion = 16.0.30611.23
MinimumVisualStudioVersion = 10.0.40219.1
Project("{9A19103F-16F7-4668-BE54-9A1E7A4F7556}") = "VMS.Client", "VMS.Client\VMS.Client.csproj", "{2EFDED7F-3575-41C8-BD21-C6A55DBCF7D5}"
EndProject
Project("{9A19103F-16F7-4668-BE54-9A1E7A4F7556}") = "VMS.Model", "VMS.Model\VMS.Model.csproj", "{D1B97E65-BB07-41B6-B657-855E7A661FAB}"
EndProject
Global
	GlobalSection(SolutionConfigurationPlatforms) = preSolution
		Debug|Any CPU = Debug|Any CPU
		Release|Any CPU = Release|Any CPU
	EndGlobalSection
	GlobalSection(ProjectConfigurationPlatforms) = postSolution
		{2EFDED7F-3575-41C8-BD21-C6A55DBCF7D5}.Debug|Any CPU.ActiveCfg = Debug|Any CPU
		{2EFDED7F-3575-41C8-BD21-C6A55DBCF7D5}.Debug|Any CPU.Build.0 = Debug|Any CPU
		{2EFDED7F-3575-41C8-BD21-C6A55DBCF7D5}.Release|Any CPU.ActiveCfg = Release|Any CPU
		{2EFDED7F-3575-41C8-BD21-C6A55DBCF7D5}.Release|Any CPU.Build.0 = Release|Any CPU
		{D1B97E65-BB07-41B6-B657-855E7A661FAB}.Debug|Any CPU.ActiveCfg = Debug|Any CPU
		{D1B97E65-BB07-41B6-B657-855E7A661FAB}.Debug|Any CPU.Build.0 = Debug|Any CPU
		{D1B97E65-BB07-41B6-B657-855E7A661FAB}.Release|Any CPU.ActiveCfg = Release|Any CPU
		{D1B97E65-BB07-41B6-B657-855E7A661FAB}.Release|Any CPU.Build.0 = Release|Any CPU
	EndGlobalSection
	GlobalSection(SolutionProperties) = preSolution
		HideSolutionNode = FALSE
	EndGlobalSection
	GlobalSection(ExtensibilityGlobals) = postSolution
		SolutionGuid = {9B4B50B2-4562-4928-BA1B-3D2AD4B43FE0}
	EndGlobalSection
EndGlobal
